
Microsoft Visual Studio Solution File, Format Version 12.00
# Visual Studio 2013
VisualStudioVersion = 12.0.31101.0
MinimumVisualStudioVersion = 10.0.40219.1
Project("{8BC9CEB8-8B4A-11D0-8D11-00A0C91BC942}") = "ATLProject1", "ATLProject1\ATLProject1.vcxproj", "{684592A7-DAE5-4251-B6CC-E1C7762090CE}"
EndProject
Project("{8BC9CEB8-8B4A-11D0-8D11-00A0C91BC942}") = "ATLProject1PS", "ATLProject1\ATLProject1PS.vcxproj", "{7757A0C6-7EC1-46D2-B527-26FD5601F9E6}"
	ProjectSection(ProjectDependencies) = postProject
		{684592A7-DAE5-4251-B6CC-E1C7762090CE} = {684592A7-DAE5-4251-B6CC-E1C7762090CE}
	EndProjectSection
EndProject
Global
	GlobalSection(SolutionConfigurationPlatforms) = preSolution
		Debug|Win32 = Debug|Win32
		Release|Win32 = Release|Win32
	EndGlobalSection
	GlobalSection(ProjectConfigurationPlatforms) = postSolution
		{684592A7-DAE5-4251-B6CC-E1C7762090CE}.Debug|Win32.ActiveCfg = Debug|Win32
		{684592A7-DAE5-4251-B6CC-E1C7762090CE}.Debug|Win32.Build.0 = Debug|Win32
		{684592A7-DAE5-4251-B6CC-E1C7762090CE}.Release|Win32.ActiveCfg = Release|Win32
		{684592A7-DAE5-4251-B6CC-E1C7762090CE}.Release|Win32.Build.0 = Release|Win32
		{7757A0C6-7EC1-46D2-B527-26FD5601F9E6}.Debug|Win32.ActiveCfg = Debug|Win32
		{7757A0C6-7EC1-46D2-B527-26FD5601F9E6}.Release|Win32.ActiveCfg = Release|Win32
	EndGlobalSection
	GlobalSection(SolutionProperties) = preSolution
		HideSolutionNode = FALSE
	EndGlobalSection
EndGlobal
